// !$*UTF8*$!
{
	archiveVersion = 1;
	classes = {
	};
	objectVersion = 55;
	objects = {

/* Begin PBXBuildFile section */
		1557975C27E29D3700147CC9 /* AppDelegate.swift in Sources */ = {isa = PBXBuildFile; fileRef = 1557975B27E29D3700147CC9 /* AppDelegate.swift */; };
		1557975E27E29D3700147CC9 /* SceneDelegate.swift in Sources */ = {isa = PBXBuildFile; fileRef = 1557975D27E29D3700147CC9 /* SceneDelegate.swift */; };
		1557976027E29D3700147CC9 /* HomeViewController.swift in Sources */ = {isa = PBXBuildFile; fileRef = 1557975F27E29D3700147CC9 /* HomeViewController.swift */; };
		1557976327E29D3700147CC9 /* Main.storyboard in Resources */ = {isa = PBXBuildFile; fileRef = 1557976127E29D3700147CC9 /* Main.storyboard */; };
		1557976527E29D3900147CC9 /* Assets.xcassets in Resources */ = {isa = PBXBuildFile; fileRef = 1557976427E29D3900147CC9 /* Assets.xcassets */; };
		1557976827E29D3900147CC9 /* LaunchScreen.storyboard in Resources */ = {isa = PBXBuildFile; fileRef = 1557976627E29D3900147CC9 /* LaunchScreen.storyboard */; };
		1557977227E29EB400147CC9 /* CategoryViewController.swift in Sources */ = {isa = PBXBuildFile; fileRef = 1557977127E29EB400147CC9 /* CategoryViewController.swift */; };
		1557977427E29EBE00147CC9 /* AboutViewController.swift in Sources */ = {isa = PBXBuildFile; fileRef = 1557977327E29EBE00147CC9 /* AboutViewController.swift */; };
		1557977727E29FB300147CC9 /* CustomTableViewCell.swift in Sources */ = {isa = PBXBuildFile; fileRef = 1557977527E29FB300147CC9 /* CustomTableViewCell.swift */; };
		1557977827E29FB300147CC9 /* CustomTableViewCell.xib in Resources */ = {isa = PBXBuildFile; fileRef = 1557977627E29FB300147CC9 /* CustomTableViewCell.xib */; };
		1557977B27E2A28900147CC9 /* CustomCollectionViewCell.swift in Sources */ = {isa = PBXBuildFile; fileRef = 1557977927E2A28900147CC9 /* CustomCollectionViewCell.swift */; };
		1557977C27E2A28900147CC9 /* CustomCollectionViewCell.xib in Resources */ = {isa = PBXBuildFile; fileRef = 1557977A27E2A28900147CC9 /* CustomCollectionViewCell.xib */; };
		1557977E27E2AC4300147CC9 /* Bands.swift in Sources */ = {isa = PBXBuildFile; fileRef = 1557977D27E2AC4300147CC9 /* Bands.swift */; };
/* End PBXBuildFile section */

/* Begin PBXFileReference section */
		1557975827E29D3700147CC9 /* Desafio 3.app */ = {isa = PBXFileReference; explicitFileType = wrapper.application; includeInIndex = 0; path = "Desafio 3.app"; sourceTree = BUILT_PRODUCTS_DIR; };
		1557975B27E29D3700147CC9 /* AppDelegate.swift */ = {isa = PBXFileReference; lastKnownFileType = sourcecode.swift; path = AppDelegate.swift; sourceTree = "<group>"; };
		1557975D27E29D3700147CC9 /* SceneDelegate.swift */ = {isa = PBXFileReference; lastKnownFileType = sourcecode.swift; path = SceneDelegate.swift; sourceTree = "<group>"; };
		1557975F27E29D3700147CC9 /* HomeViewController.swift */ = {isa = PBXFileReference; lastKnownFileType = sourcecode.swift; path = HomeViewController.swift; sourceTree = "<group>"; };
		1557976227E29D3700147CC9 /* Base */ = {isa = PBXFileReference; lastKnownFileType = file.storyboard; name = Base; path = Base.lproj/Main.storyboard; sourceTree = "<group>"; };
		1557976427E29D3900147CC9 /* Assets.xcassets */ = {isa = PBXFileReference; lastKnownFileType = folder.assetcatalog; path = Assets.xcassets; sourceTree = "<group>"; };
		1557976727E29D3900147CC9 /* Base */ = {isa = PBXFileReference; lastKnownFileType = file.storyboard; name = Base; path = Base.lproj/LaunchScreen.storyboard; sourceTree = "<group>"; };
		1557976927E29D3900147CC9 /* Info.plist */ = {isa = PBXFileReference; lastKnownFileType = text.plist.xml; path = Info.plist; sourceTree = "<group>"; };
		1557977127E29EB400147CC9 /* CategoryViewController.swift */ = {isa = PBXFileReference; lastKnownFileType = sourcecode.swift; path = CategoryViewController.swift; sourceTree = "<group>"; };
		1557977327E29EBE00147CC9 /* AboutViewController.swift */ = {isa = PBXFileReference; lastKnownFileType = sourcecode.swift; path = AboutViewController.swift; sourceTree = "<group>"; };
		1557977527E29FB300147CC9 /* CustomTableViewCell.swift */ = {isa = PBXFileReference; lastKnownFileType = sourcecode.swift; name = CustomTableViewCell.swift; path = Cells/CustomTableViewCell.swift; sourceTree = "<group>"; };
		1557977627E29FB300147CC9 /* CustomTableViewCell.xib */ = {isa = PBXFileReference; lastKnownFileType = file.xib; name = CustomTableViewCell.xib; path = Cells/CustomTableViewCell.xib; sourceTree = "<group>"; };
		1557977927E2A28900147CC9 /* CustomCollectionViewCell.swift */ = {isa = PBXFileReference; lastKnownFileType = sourcecode.swift; name = CustomCollectionViewCell.swift; path = Cells/CustomCollectionViewCell.swift; sourceTree = "<group>"; };
		1557977A27E2A28900147CC9 /* CustomCollectionViewCell.xib */ = {isa = PBXFileReference; lastKnownFileType = file.xib; name = CustomCollectionViewCell.xib; path = Cells/CustomCollectionViewCell.xib; sourceTree = "<group>"; };
		1557977D27E2AC4300147CC9 /* Bands.swift */ = {isa = PBXFileReference; lastKnownFileType = sourcecode.swift; path = Bands.swift; sourceTree = "<group>"; };
/* End PBXFileReference section */

/* Begin PBXFrameworksBuildPhase section */
		1557975527E29D3700147CC9 /* Frameworks */ = {
			isa = PBXFrameworksBuildPhase;
			buildActionMask = 2147483647;
			files = (
			);
			runOnlyForDeploymentPostprocessing = 0;
		};
/* End PBXFrameworksBuildPhase section */

/* Begin PBXGroup section */
		1557974F27E29D3700147CC9 = {
			isa = PBXGroup;
			children = (
				1557975A27E29D3700147CC9 /* Desafio 3 */,
				1557975927E29D3700147CC9 /* Products */,
			);
			sourceTree = "<group>";
		};
		1557975927E29D3700147CC9 /* Products */ = {
			isa = PBXGroup;
			children = (
				1557975827E29D3700147CC9 /* Desafio 3.app */,
			);
			name = Products;
			sourceTree = "<group>";
		};
		1557975A27E29D3700147CC9 /* Desafio 3 */ = {
			isa = PBXGroup;
			children = (
				1557975B27E29D3700147CC9 /* AppDelegate.swift */,
				1557975D27E29D3700147CC9 /* SceneDelegate.swift */,
				1557975F27E29D3700147CC9 /* HomeViewController.swift */,
				1557976127E29D3700147CC9 /* Main.storyboard */,
				1557976427E29D3900147CC9 /* Assets.xcassets */,
				1557976627E29D3900147CC9 /* LaunchScreen.storyboard */,
				1557976927E29D3900147CC9 /* Info.plist */,
				1557977127E29EB400147CC9 /* CategoryViewController.swift */,
				1557977327E29EBE00147CC9 /* AboutViewController.swift */,
				1557977527E29FB300147CC9 /* CustomTableViewCell.swift */,
				1557977627E29FB300147CC9 /* CustomTableViewCell.xib */,
				1557977927E2A28900147CC9 /* CustomCollectionViewCell.swift */,
				1557977A27E2A28900147CC9 /* CustomCollectionViewCell.xib */,
				1557977D27E2AC4300147CC9 /* Bands.swift */,
			);
			path = "Desafio 3";
			sourceTree = "<group>";
		};
/* End PBXGroup section */

/* Begin PBXNativeTarget section */
		1557975727E29D3700147CC9 /* Desafio 3 */ = {
			isa = PBXNativeTarget;
			buildConfigurationList = 1557976C27E29D3900147CC9 /* Build configuration list for PBXNativeTarget "Desafio 3" */;
			buildPhases = (
				1557975427E29D3700147CC9 /* Sources */,
				1557975527E29D3700147CC9 /* Frameworks */,
				1557975627E29D3700147CC9 /* Resources */,
			);
			buildRules = (
			);
			dependencies = (
			);
			name = "Desafio 3";
			productName = "Desafio 3";
			productReference = 1557975827E29D3700147CC9 /* Desafio 3.app */;
			productType = "com.apple.product-type.application";
		};
/* End PBXNativeTarget section */

/* Begin PBXProject section */
		1557975027E29D3700147CC9 /* Project object */ = {
			isa = PBXProject;
			attributes = {
				BuildIndependentTargetsInParallel = 1;
				LastSwiftUpdateCheck = 1330;
				LastUpgradeCheck = 1330;
				TargetAttributes = {
					1557975727E29D3700147CC9 = {
						CreatedOnToolsVersion = 13.3;
					};
				};
			};
			buildConfigurationList = 1557975327E29D3700147CC9 /* Build configuration list for PBXProject "Desafio 3" */;
			compatibilityVersion = "Xcode 13.0";
			developmentRegion = en;
			hasScannedForEncodings = 0;
			knownRegions = (
				en,
				Base,
			);
			mainGroup = 1557974F27E29D3700147CC9;
			productRefGroup = 1557975927E29D3700147CC9 /* Products */;
			projectDirPath = "";
			projectRoot = "";
			targets = (
				1557975727E29D3700147CC9 /* Desafio 3 */,
			);
		};
/* End PBXProject section */

/* Begin PBXResourcesBuildPhase section */
		1557975627E29D3700147CC9 /* Resources */ = {
			isa = PBXResourcesBuildPhase;
			buildActionMask = 2147483647;
			files = (
				1557976827E29D3900147CC9 /* LaunchScreen.storyboard in Resources */,
				1557976527E29D3900147CC9 /* Assets.xcassets in Resources */,
				1557977827E29FB300147CC9 /* CustomTableViewCell.xib in Resources */,
				1557977C27E2A28900147CC9 /* CustomCollectionViewCell.xib in Resources */,
				1557976327E29D3700147CC9 /* Main.storyboard in Resources */,
			);
			runOnlyForDeploymentPostprocessing = 0;
		};
/* End PBXResourcesBuildPhase section */

/* Begin PBXSourcesBuildPhase section */
		1557975427E29D3700147CC9 /* Sources */ = {
			isa = PBXSourcesBuildPhase;
			buildActionMask = 2147483647;
			files = (
				1557977727E29FB300147CC9 /* CustomTableViewCell.swift in Sources */,
				1557977B27E2A28900147CC9 /* CustomCollectionViewCell.swift in Sources */,
				1557977227E29EB400147CC9 /* CategoryViewController.swift in Sources */,
				1557976027E29D3700147CC9 /* HomeViewController.swift in Sources */,
				1557975C27E29D3700147CC9 /* AppDelegate.swift in Sources */,
				1557977427E29EBE00147CC9 /* AboutViewController.swift in Sources */,
				1557977E27E2AC4300147CC9 /* Bands.swift in Sources */,
				1557975E27E29D3700147CC9 /* SceneDelegate.swift in Sources */,
			);
			runOnlyForDeploymentPostprocessing = 0;
		};
/* End PBXSourcesBuildPhase section */

/* Begin PBXVariantGroup section */
		1557976127E29D3700147CC9 /* Main.storyboard */ = {
			isa = PBXVariantGroup;
			children = (
				1557976227E29D3700147CC9 /* Base */,
			);
			name = Main.storyboard;
			sourceTree = "<group>";
		};
		1557976627E29D3900147CC9 /* LaunchScreen.storyboard */ = {
			isa = PBXVariantGroup;
			children = (
				1557976727E29D3900147CC9 /* Base */,
			);
			name = LaunchScreen.storyboard;
			sourceTree = "<group>";
		};
/* End PBXVariantGroup section */

/* Begin XCBuildConfiguration section */
		1557976A27E29D3900147CC9 /* Debug */ = {
			isa = XCBuildConfiguration;
			buildSettings = {
				ALWAYS_SEARCH_USER_PATHS = NO;
				CLANG_ANALYZER_NONNULL = YES;
				CLANG_ANALYZER_NUMBER_OBJECT_CONVERSION = YES_AGGRESSIVE;
				CLANG_CXX_LANGUAGE_STANDARD = "gnu++17";
				CLANG_ENABLE_MODULES = YES;
				CLANG_ENABLE_OBJC_ARC = YES;
				CLANG_ENABLE_OBJC_WEAK = YES;
				CLANG_WARN_BLOCK_CAPTURE_AUTORELEASING = YES;
				CLANG_WARN_BOOL_CONVERSION = YES;
				CLANG_WARN_COMMA = YES;
				CLANG_WARN_CONSTANT_CONVERSION = YES;
				CLANG_WARN_DEPRECATED_OBJC_IMPLEMENTATIONS = YES;
				CLANG_WARN_DIRECT_OBJC_ISA_USAGE = YES_ERROR;
				CLANG_WARN_DOCUMENTATION_COMMENTS = YES;
				CLANG_WARN_EMPTY_BODY = YES;
				CLANG_WARN_ENUM_CONVERSION = YES;
				CLANG_WARN_INFINITE_RECURSION = YES;
				CLANG_WARN_INT_CONVERSION = YES;
				CLANG_WARN_NON_LITERAL_NULL_CONVERSION = YES;
				CLANG_WARN_OBJC_IMPLICIT_RETAIN_SELF = YES;
				CLANG_WARN_OBJC_LITERAL_CONVERSION = YES;
				CLANG_WARN_OBJC_ROOT_CLASS = YES_ERROR;
				CLANG_WARN_QUOTED_INCLUDE_IN_FRAMEWORK_HEADER = YES;
				CLANG_WARN_RANGE_LOOP_ANALYSIS = YES;
				CLANG_WARN_STRICT_PROTOTYPES = YES;
				CLANG_WARN_SUSPICIOUS_MOVE = YES;
				CLANG_WARN_UNGUARDED_AVAILABILITY = YES_AGGRESSIVE;
				CLANG_WARN_UNREACHABLE_CODE = YES;
				CLANG_WARN__DUPLICATE_METHOD_MATCH = YES;
				COPY_PHASE_STRIP = NO;
				DEBUG_INFORMATION_FORMAT = dwarf;
				ENABLE_STRICT_OBJC_MSGSEND = YES;
				ENABLE_TESTABILITY = YES;
				GCC_C_LANGUAGE_STANDARD = gnu11;
				GCC_DYNAMIC_NO_PIC = NO;
				GCC_NO_COMMON_BLOCKS = YES;
				GCC_OPTIMIZATION_LEVEL = 0;
				GCC_PREPROCESSOR_DEFINITIONS = (
					"DEBUG=1",
					"$(inherited)",
				);
				GCC_WARN_64_TO_32_BIT_CONVERSION = YES;
				GCC_WARN_ABOUT_RETURN_TYPE = YES_ERROR;
				GCC_WARN_UNDECLARED_SELECTOR = YES;
				GCC_WARN_UNINITIALIZED_AUTOS = YES_AGGRESSIVE;
				GCC_WARN_UNUSED_FUNCTION = YES;
				GCC_WARN_UNUSED_VARIABLE = YES;
				IPHONEOS_DEPLOYMENT_TARGET = 15.4;
				MTL_ENABLE_DEBUG_INFO = INCLUDE_SOURCE;
				MTL_FAST_MATH = YES;
				ONLY_ACTIVE_ARCH = YES;
				SDKROOT = iphoneos;
				SWIFT_ACTIVE_COMPILATION_CONDITIONS = DEBUG;
				SWIFT_OPTIMIZATION_LEVEL = "-Onone";
			};
			name = Debug;
		};
		1557976B27E29D3900147CC9 /* Release */ = {
			isa = XCBuildConfiguration;
			buildSettings = {
				ALWAYS_SEARCH_USER_PATHS = NO;
				CLANG_ANALYZER_NONNULL = YES;
				CLANG_ANALYZER_NUMBER_OBJECT_CONVERSION = YES_AGGRESSIVE;
				CLANG_CXX_LANGUAGE_STANDARD = "gnu++17";
				CLANG_ENABLE_MODULES = YES;
				CLANG_ENABLE_OBJC_ARC = YES;
				CLANG_ENABLE_OBJC_WEAK = YES;
				CLANG_WARN_BLOCK_CAPTURE_AUTORELEASING = YES;
				CLANG_WARN_BOOL_CONVERSION = YES;
				CLANG_WARN_COMMA = YES;
				CLANG_WARN_CONSTANT_CONVERSION = YES;
				CLANG_WARN_DEPRECATED_OBJC_IMPLEMENTATIONS = YES;
				CLANG_WARN_DIRECT_OBJC_ISA_USAGE = YES_ERROR;
				CLANG_WARN_DOCUMENTATION_COMMENTS = YES;
				CLANG_WARN_EMPTY_BODY = YES;
				CLANG_WARN_ENUM_CONVERSION = YES;
				CLANG_WARN_INFINITE_RECURSION = YES;
				CLANG_WARN_INT_CONVERSION = YES;
				CLANG_WARN_NON_LITERAL_NULL_CONVERSION = YES;
				CLANG_WARN_OBJC_IMPLICIT_RETAIN_SELF = YES;
				CLANG_WARN_OBJC_LITERAL_CONVERSION = YES;
				CLANG_WARN_OBJC_ROOT_CLASS = YES_ERROR;
				CLANG_WARN_QUOTED_INCLUDE_IN_FRAMEWORK_HEADER = YES;
				CLANG_WARN_RANGE_LOOP_ANALYSIS = YES;
				CLANG_WARN_STRICT_PROTOTYPES = YES;
				CLANG_WARN_SUSPICIOUS_MOVE = YES;
				CLANG_WARN_UNGUARDED_AVAILABILITY = YES_AGGRESSIVE;
				CLANG_WARN_UNREACHABLE_CODE = YES;
				CLANG_WARN__DUPLICATE_METHOD_MATCH = YES;
				COPY_PHASE_STRIP = NO;
				DEBUG_INFORMATION_FORMAT = "dwarf-with-dsym";
				ENABLE_NS_ASSERTIONS = NO;
				ENABLE_STRICT_OBJC_MSGSEND = YES;
				GCC_C_LANGUAGE_STANDARD = gnu11;
				GCC_NO_COMMON_BLOCKS = YES;
				GCC_WARN_64_TO_32_BIT_CONVERSION = YES;
				GCC_WARN_ABOUT_RETURN_TYPE = YES_ERROR;
				GCC_WARN_UNDECLARED_SELECTOR = YES;
				GCC_WARN_UNINITIALIZED_AUTOS = YES_AGGRESSIVE;
				GCC_WARN_UNUSED_FUNCTION = YES;
				GCC_WARN_UNUSED_VARIABLE = YES;
				IPHONEOS_DEPLOYMENT_TARGET = 15.4;
				MTL_ENABLE_DEBUG_INFO = NO;
				MTL_FAST_MATH = YES;
				SDKROOT = iphoneos;
				SWIFT_COMPILATION_MODE = wholemodule;
				SWIFT_OPTIMIZATION_LEVEL = "-O";
				VALIDATE_PRODUCT = YES;
			};
			name = Release;
		};
		1557976D27E29D3900147CC9 /* Debug */ = {
			isa = XCBuildConfiguration;
			buildSettings = {
				ASSETCATALOG_COMPILER_APPICON_NAME = AppIcon;
				ASSETCATALOG_COMPILER_GLOBAL_ACCENT_COLOR_NAME = AccentColor;
				CODE_SIGN_STYLE = Automatic;
				CURRENT_PROJECT_VERSION = 1;
				DEVELOPMENT_TEAM = 3753BCYQD8;
				GENERATE_INFOPLIST_FILE = YES;
				INFOPLIST_FILE = "Desafio 3/Info.plist";
				INFOPLIST_KEY_UIApplicationSupportsIndirectInputEvents = YES;
				INFOPLIST_KEY_UILaunchStoryboardName = LaunchScreen;
				INFOPLIST_KEY_UIMainStoryboardFile = Main;
				INFOPLIST_KEY_UISupportedInterfaceOrientations_iPad = "UIInterfaceOrientationPortrait UIInterfaceOrientationPortraitUpsideDown UIInterfaceOrientationLandscapeLeft UIInterfaceOrientationLandscapeRight";
				INFOPLIST_KEY_UISupportedInterfaceOrientations_iPhone = "UIInterfaceOrientationPortrait UIInterfaceOrientationLandscapeLeft UIInterfaceOrientationLandscapeRight";
				LD_RUNPATH_SEARCH_PATHS = (
					"$(inherited)",
					"@executable_path/Frameworks",
				);
				MARKETING_VERSION = 1.0;
				PRODUCT_BUNDLE_IDENTIFIER = "com.felipeb.Desafio-3";
				PRODUCT_NAME = "$(TARGET_NAME)";
				SWIFT_EMIT_LOC_STRINGS = YES;
				SWIFT_VERSION = 5.0;
				TARGETED_DEVICE_FAMILY = "1,2";
			};
			name = Debug;
		};
		1557976E27E29D3900147CC9 /* Release */ = {
			isa = XCBuildConfiguration;
			buildSettings = {
				ASSETCATALOG_COMPILER_APPICON_NAME = AppIcon;
				ASSETCATALOG_COMPILER_GLOBAL_ACCENT_COLOR_NAME = AccentColor;
				CODE_SIGN_STYLE = Automatic;
				CURRENT_PROJECT_VERSION = 1;
				DEVELOPMENT_TEAM = 3753BCYQD8;
				GENERATE_INFOPLIST_FILE = YES;
				INFOPLIST_FILE = "Desafio 3/Info.plist";
				INFOPLIST_KEY_UIApplicationSupportsIndirectInputEvents = YES;
				INFOPLIST_KEY_UILaunchStoryboardName = LaunchScreen;
				INFOPLIST_KEY_UIMainStoryboardFile = Main;
				INFOPLIST_KEY_UISupportedInterfaceOrientations_iPad = "UIInterfaceOrientationPortrait UIInterfaceOrientationPortraitUpsideDown UIInterfaceOrientationLandscapeLeft UIInterfaceOrientationLandscapeRight";
				INFOPLIST_KEY_UISupportedInterfaceOrientations_iPhone = "UIInterfaceOrientationPortrait UIInterfaceOrientationLandscapeLeft UIInterfaceOrientationLandscapeRight";
				LD_RUNPATH_SEARCH_PATHS = (
					"$(inherited)",
					"@executable_path/Frameworks",
				);
				MARKETING_VERSION = 1.0;
				PRODUCT_BUNDLE_IDENTIFIER = "com.felipeb.Desafio-3";
				PRODUCT_NAME = "$(TARGET_NAME)";
				SWIFT_EMIT_LOC_STRINGS = YES;
				SWIFT_VERSION = 5.0;
				TARGETED_DEVICE_FAMILY = "1,2";
			};
			name = Release;
		};
/* End XCBuildConfiguration section */

/* Begin XCConfigurationList section */
		1557975327E29D3700147CC9 /* Build configuration list for PBXProject "Desafio 3" */ = {
			isa = XCConfigurationList;
			buildConfigurations = (
				1557976A27E29D3900147CC9 /* Debug */,
				1557976B27E29D3900147CC9 /* Release */,
			);
			defaultConfigurationIsVisible = 0;
			defaultConfigurationName = Release;
		};
		1557976C27E29D3900147CC9 /* Build configuration list for PBXNativeTarget "Desafio 3" */ = {
			isa = XCConfigurationList;
			buildConfigurations = (
				1557976D27E29D3900147CC9 /* Debug */,
				1557976E27E29D3900147CC9 /* Release */,
			);
			defaultConfigurationIsVisible = 0;
			defaultConfigurationName = Release;
		};
/* End XCConfigurationList section */
	};
	rootObject = 1557975027E29D3700147CC9 /* Project object */;
}
