// !$*UTF8*$!
{
	archiveVersion = 1;
	classes = {
	};
	objectVersion = 55;
	objects = {

/* Begin PBXBuildFile section */
		156C3C6227E15B1A00381291 /* AppDelegate.swift in Sources */ = {isa = PBXBuildFile; fileRef = 156C3C6127E15B1A00381291 /* AppDelegate.swift */; };
		156C3C6427E15B1A00381291 /* SceneDelegate.swift in Sources */ = {isa = PBXBuildFile; fileRef = 156C3C6327E15B1A00381291 /* SceneDelegate.swift */; };
		156C3C6627E15B1A00381291 /* ViewController.swift in Sources */ = {isa = PBXBuildFile; fileRef = 156C3C6527E15B1A00381291 /* ViewController.swift */; };
		156C3C6927E15B1A00381291 /* Main.storyboard in Resources */ = {isa = PBXBuildFile; fileRef = 156C3C6727E15B1A00381291 /* Main.storyboard */; };
		156C3C6B27E15B1E00381291 /* Assets.xcassets in Resources */ = {isa = PBXBuildFile; fileRef = 156C3C6A27E15B1E00381291 /* Assets.xcassets */; };
		156C3C6E27E15B1E00381291 /* LaunchScreen.storyboard in Resources */ = {isa = PBXBuildFile; fileRef = 156C3C6C27E15B1E00381291 /* LaunchScreen.storyboard */; };
		156C3C8627E1608500381291 /* CustomTableViewCell.swift in Sources */ = {isa = PBXBuildFile; fileRef = 156C3C8427E1608500381291 /* CustomTableViewCell.swift */; };
		156C3C8727E1608500381291 /* CustomTableViewCell.xib in Resources */ = {isa = PBXBuildFile; fileRef = 156C3C8527E1608500381291 /* CustomTableViewCell.xib */; };
		156C3C8927E162C400381291 /* Product.swift in Sources */ = {isa = PBXBuildFile; fileRef = 156C3C8827E162C400381291 /* Product.swift */; };
		156C3C8B27E1679400381291 /* DetailViewController.swift in Sources */ = {isa = PBXBuildFile; fileRef = 156C3C8A27E1679400381291 /* DetailViewController.swift */; };
/* End PBXBuildFile section */

/* Begin PBXFileReference section */
		156C3C5E27E15B1A00381291 /* Desafio 2.app */ = {isa = PBXFileReference; explicitFileType = wrapper.application; includeInIndex = 0; path = "Desafio 2.app"; sourceTree = BUILT_PRODUCTS_DIR; };
		156C3C6127E15B1A00381291 /* AppDelegate.swift */ = {isa = PBXFileReference; lastKnownFileType = sourcecode.swift; path = AppDelegate.swift; sourceTree = "<group>"; };
		156C3C6327E15B1A00381291 /* SceneDelegate.swift */ = {isa = PBXFileReference; lastKnownFileType = sourcecode.swift; path = SceneDelegate.swift; sourceTree = "<group>"; };
		156C3C6527E15B1A00381291 /* ViewController.swift */ = {isa = PBXFileReference; lastKnownFileType = sourcecode.swift; path = ViewController.swift; sourceTree = "<group>"; };
		156C3C6827E15B1A00381291 /* Base */ = {isa = PBXFileReference; lastKnownFileType = file.storyboard; name = Base; path = Base.lproj/Main.storyboard; sourceTree = "<group>"; };
		156C3C6A27E15B1E00381291 /* Assets.xcassets */ = {isa = PBXFileReference; lastKnownFileType = folder.assetcatalog; path = Assets.xcassets; sourceTree = "<group>"; };
		156C3C6D27E15B1E00381291 /* Base */ = {isa = PBXFileReference; lastKnownFileType = file.storyboard; name = Base; path = Base.lproj/LaunchScreen.storyboard; sourceTree = "<group>"; };
		156C3C6F27E15B1E00381291 /* Info.plist */ = {isa = PBXFileReference; lastKnownFileType = text.plist.xml; path = Info.plist; sourceTree = "<group>"; };
		156C3C8427E1608500381291 /* CustomTableViewCell.swift */ = {isa = PBXFileReference; lastKnownFileType = sourcecode.swift; path = CustomTableViewCell.swift; sourceTree = "<group>"; };
		156C3C8527E1608500381291 /* CustomTableViewCell.xib */ = {isa = PBXFileReference; lastKnownFileType = file.xib; path = CustomTableViewCell.xib; sourceTree = "<group>"; };
		156C3C8827E162C400381291 /* Product.swift */ = {isa = PBXFileReference; lastKnownFileType = sourcecode.swift; path = Product.swift; sourceTree = "<group>"; };
		156C3C8A27E1679400381291 /* DetailViewController.swift */ = {isa = PBXFileReference; lastKnownFileType = sourcecode.swift; path = DetailViewController.swift; sourceTree = "<group>"; };
/* End PBXFileReference section */

/* Begin PBXFrameworksBuildPhase section */
		156C3C5B27E15B1A00381291 /* Frameworks */ = {
			isa = PBXFrameworksBuildPhase;
			buildActionMask = 2147483647;
			files = (
			);
			runOnlyForDeploymentPostprocessing = 0;
		};
/* End PBXFrameworksBuildPhase section */

/* Begin PBXGroup section */
		156C3C5527E15B1900381291 = {
			isa = PBXGroup;
			children = (
				156C3C6027E15B1A00381291 /* Desafio 2 */,
				156C3C5F27E15B1A00381291 /* Products */,
			);
			sourceTree = "<group>";
		};
		156C3C5F27E15B1A00381291 /* Products */ = {
			isa = PBXGroup;
			children = (
				156C3C5E27E15B1A00381291 /* Desafio 2.app */,
			);
			name = Products;
			sourceTree = "<group>";
		};
		156C3C6027E15B1A00381291 /* Desafio 2 */ = {
			isa = PBXGroup;
			children = (
				156C3C8327E1607000381291 /* Cell */,
				156C3C6127E15B1A00381291 /* AppDelegate.swift */,
				156C3C6327E15B1A00381291 /* SceneDelegate.swift */,
				156C3C6527E15B1A00381291 /* ViewController.swift */,
				156C3C6727E15B1A00381291 /* Main.storyboard */,
				156C3C6A27E15B1E00381291 /* Assets.xcassets */,
				156C3C6C27E15B1E00381291 /* LaunchScreen.storyboard */,
				156C3C6F27E15B1E00381291 /* Info.plist */,
				156C3C8827E162C400381291 /* Product.swift */,
				156C3C8A27E1679400381291 /* DetailViewController.swift */,
			);
			path = "Desafio 2";
			sourceTree = "<group>";
		};
		156C3C8327E1607000381291 /* Cell */ = {
			isa = PBXGroup;
			children = (
				156C3C8427E1608500381291 /* CustomTableViewCell.swift */,
				156C3C8527E1608500381291 /* CustomTableViewCell.xib */,
			);
			path = Cell;
			sourceTree = "<group>";
		};
/* End PBXGroup section */

/* Begin PBXNativeTarget section */
		156C3C5D27E15B1A00381291 /* Desafio 2 */ = {
			isa = PBXNativeTarget;
			buildConfigurationList = 156C3C7227E15B1E00381291 /* Build configuration list for PBXNativeTarget "Desafio 2" */;
			buildPhases = (
				156C3C5A27E15B1A00381291 /* Sources */,
				156C3C5B27E15B1A00381291 /* Frameworks */,
				156C3C5C27E15B1A00381291 /* Resources */,
			);
			buildRules = (
			);
			dependencies = (
			);
			name = "Desafio 2";
			productName = "Desafio 2";
			productReference = 156C3C5E27E15B1A00381291 /* Desafio 2.app */;
			productType = "com.apple.product-type.application";
		};
/* End PBXNativeTarget section */

/* Begin PBXProject section */
		156C3C5627E15B1900381291 /* Project object */ = {
			isa = PBXProject;
			attributes = {
				BuildIndependentTargetsInParallel = 1;
				LastSwiftUpdateCheck = 1330;
				LastUpgradeCheck = 1330;
				TargetAttributes = {
					156C3C5D27E15B1A00381291 = {
						CreatedOnToolsVersion = 13.3;
					};
				};
			};
			buildConfigurationList = 156C3C5927E15B1900381291 /* Build configuration list for PBXProject "Desafio 2" */;
			compatibilityVersion = "Xcode 13.0";
			developmentRegion = en;
			hasScannedForEncodings = 0;
			knownRegions = (
				en,
				Base,
			);
			mainGroup = 156C3C5527E15B1900381291;
			productRefGroup = 156C3C5F27E15B1A00381291 /* Products */;
			projectDirPath = "";
			projectRoot = "";
			targets = (
				156C3C5D27E15B1A00381291 /* Desafio 2 */,
			);
		};
/* End PBXProject section */

/* Begin PBXResourcesBuildPhase section */
		156C3C5C27E15B1A00381291 /* Resources */ = {
			isa = PBXResourcesBuildPhase;
			buildActionMask = 2147483647;
			files = (
				156C3C6E27E15B1E00381291 /* LaunchScreen.storyboard in Resources */,
				156C3C6B27E15B1E00381291 /* Assets.xcassets in Resources */,
				156C3C8727E1608500381291 /* CustomTableViewCell.xib in Resources */,
				156C3C6927E15B1A00381291 /* Main.storyboard in Resources */,
			);
			runOnlyForDeploymentPostprocessing = 0;
		};
/* End PBXResourcesBuildPhase section */

/* Begin PBXSourcesBuildPhase section */
		156C3C5A27E15B1A00381291 /* Sources */ = {
			isa = PBXSourcesBuildPhase;
			buildActionMask = 2147483647;
			files = (
				156C3C6627E15B1A00381291 /* ViewController.swift in Sources */,
				156C3C8927E162C400381291 /* Product.swift in Sources */,
				156C3C6227E15B1A00381291 /* AppDelegate.swift in Sources */,
				156C3C8B27E1679400381291 /* DetailViewController.swift in Sources */,
				156C3C8627E1608500381291 /* CustomTableViewCell.swift in Sources */,
				156C3C6427E15B1A00381291 /* SceneDelegate.swift in Sources */,
			);
			runOnlyForDeploymentPostprocessing = 0;
		};
/* End PBXSourcesBuildPhase section */

/* Begin PBXVariantGroup section */
		156C3C6727E15B1A00381291 /* Main.storyboard */ = {
			isa = PBXVariantGroup;
			children = (
				156C3C6827E15B1A00381291 /* Base */,
			);
			name = Main.storyboard;
			sourceTree = "<group>";
		};
		156C3C6C27E15B1E00381291 /* LaunchScreen.storyboard */ = {
			isa = PBXVariantGroup;
			children = (
				156C3C6D27E15B1E00381291 /* Base */,
			);
			name = LaunchScreen.storyboard;
			sourceTree = "<group>";
		};
/* End PBXVariantGroup section */

/* Begin XCBuildConfiguration section */
		156C3C7027E15B1E00381291 /* Debug */ = {
			isa = XCBuildConfiguration;
			buildSettings = {
				ALWAYS_SEARCH_USER_PATHS = NO;
				CLANG_ANALYZER_NONNULL = YES;
				CLANG_ANALYZER_NUMBER_OBJECT_CONVERSION = YES_AGGRESSIVE;
				CLANG_CXX_LANGUAGE_STANDARD = "gnu++17";
				CLANG_ENABLE_MODULES = YES;
				CLANG_ENABLE_OBJC_ARC = YES;
				CLANG_ENABLE_OBJC_WEAK = YES;
				CLANG_WARN_BLOCK_CAPTURE_AUTORELEASING = YES;
				CLANG_WARN_BOOL_CONVERSION = YES;
				CLANG_WARN_COMMA = YES;
				CLANG_WARN_CONSTANT_CONVERSION = YES;
				CLANG_WARN_DEPRECATED_OBJC_IMPLEMENTATIONS = YES;
				CLANG_WARN_DIRECT_OBJC_ISA_USAGE = YES_ERROR;
				CLANG_WARN_DOCUMENTATION_COMMENTS = YES;
				CLANG_WARN_EMPTY_BODY = YES;
				CLANG_WARN_ENUM_CONVERSION = YES;
				CLANG_WARN_INFINITE_RECURSION = YES;
				CLANG_WARN_INT_CONVERSION = YES;
				CLANG_WARN_NON_LITERAL_NULL_CONVERSION = YES;
				CLANG_WARN_OBJC_IMPLICIT_RETAIN_SELF = YES;
				CLANG_WARN_OBJC_LITERAL_CONVERSION = YES;
				CLANG_WARN_OBJC_ROOT_CLASS = YES_ERROR;
				CLANG_WARN_QUOTED_INCLUDE_IN_FRAMEWORK_HEADER = YES;
				CLANG_WARN_RANGE_LOOP_ANALYSIS = YES;
				CLANG_WARN_STRICT_PROTOTYPES = YES;
				CLANG_WARN_SUSPICIOUS_MOVE = YES;
				CLANG_WARN_UNGUARDED_AVAILABILITY = YES_AGGRESSIVE;
				CLANG_WARN_UNREACHABLE_CODE = YES;
				CLANG_WARN__DUPLICATE_METHOD_MATCH = YES;
				COPY_PHASE_STRIP = NO;
				DEBUG_INFORMATION_FORMAT = dwarf;
				ENABLE_STRICT_OBJC_MSGSEND = YES;
				ENABLE_TESTABILITY = YES;
				GCC_C_LANGUAGE_STANDARD = gnu11;
				GCC_DYNAMIC_NO_PIC = NO;
				GCC_NO_COMMON_BLOCKS = YES;
				GCC_OPTIMIZATION_LEVEL = 0;
				GCC_PREPROCESSOR_DEFINITIONS = (
					"DEBUG=1",
					"$(inherited)",
				);
				GCC_WARN_64_TO_32_BIT_CONVERSION = YES;
				GCC_WARN_ABOUT_RETURN_TYPE = YES_ERROR;
				GCC_WARN_UNDECLARED_SELECTOR = YES;
				GCC_WARN_UNINITIALIZED_AUTOS = YES_AGGRESSIVE;
				GCC_WARN_UNUSED_FUNCTION = YES;
				GCC_WARN_UNUSED_VARIABLE = YES;
				IPHONEOS_DEPLOYMENT_TARGET = 15.4;
				MTL_ENABLE_DEBUG_INFO = INCLUDE_SOURCE;
				MTL_FAST_MATH = YES;
				ONLY_ACTIVE_ARCH = YES;
				SDKROOT = iphoneos;
				SWIFT_ACTIVE_COMPILATION_CONDITIONS = DEBUG;
				SWIFT_OPTIMIZATION_LEVEL = "-Onone";
			};
			name = Debug;
		};
		156C3C7127E15B1E00381291 /* Release */ = {
			isa = XCBuildConfiguration;
			buildSettings = {
				ALWAYS_SEARCH_USER_PATHS = NO;
				CLANG_ANALYZER_NONNULL = YES;
				CLANG_ANALYZER_NUMBER_OBJECT_CONVERSION = YES_AGGRESSIVE;
				CLANG_CXX_LANGUAGE_STANDARD = "gnu++17";
				CLANG_ENABLE_MODULES = YES;
				CLANG_ENABLE_OBJC_ARC = YES;
				CLANG_ENABLE_OBJC_WEAK = YES;
				CLANG_WARN_BLOCK_CAPTURE_AUTORELEASING = YES;
				CLANG_WARN_BOOL_CONVERSION = YES;
				CLANG_WARN_COMMA = YES;
				CLANG_WARN_CONSTANT_CONVERSION = YES;
				CLANG_WARN_DEPRECATED_OBJC_IMPLEMENTATIONS = YES;
				CLANG_WARN_DIRECT_OBJC_ISA_USAGE = YES_ERROR;
				CLANG_WARN_DOCUMENTATION_COMMENTS = YES;
				CLANG_WARN_EMPTY_BODY = YES;
				CLANG_WARN_ENUM_CONVERSION = YES;
				CLANG_WARN_INFINITE_RECURSION = YES;
				CLANG_WARN_INT_CONVERSION = YES;
				CLANG_WARN_NON_LITERAL_NULL_CONVERSION = YES;
				CLANG_WARN_OBJC_IMPLICIT_RETAIN_SELF = YES;
				CLANG_WARN_OBJC_LITERAL_CONVERSION = YES;
				CLANG_WARN_OBJC_ROOT_CLASS = YES_ERROR;
				CLANG_WARN_QUOTED_INCLUDE_IN_FRAMEWORK_HEADER = YES;
				CLANG_WARN_RANGE_LOOP_ANALYSIS = YES;
				CLANG_WARN_STRICT_PROTOTYPES = YES;
				CLANG_WARN_SUSPICIOUS_MOVE = YES;
				CLANG_WARN_UNGUARDED_AVAILABILITY = YES_AGGRESSIVE;
				CLANG_WARN_UNREACHABLE_CODE = YES;
				CLANG_WARN__DUPLICATE_METHOD_MATCH = YES;
				COPY_PHASE_STRIP = NO;
				DEBUG_INFORMATION_FORMAT = "dwarf-with-dsym";
				ENABLE_NS_ASSERTIONS = NO;
				ENABLE_STRICT_OBJC_MSGSEND = YES;
				GCC_C_LANGUAGE_STANDARD = gnu11;
				GCC_NO_COMMON_BLOCKS = YES;
				GCC_WARN_64_TO_32_BIT_CONVERSION = YES;
				GCC_WARN_ABOUT_RETURN_TYPE = YES_ERROR;
				GCC_WARN_UNDECLARED_SELECTOR = YES;
				GCC_WARN_UNINITIALIZED_AUTOS = YES_AGGRESSIVE;
				GCC_WARN_UNUSED_FUNCTION = YES;
				GCC_WARN_UNUSED_VARIABLE = YES;
				IPHONEOS_DEPLOYMENT_TARGET = 15.4;
				MTL_ENABLE_DEBUG_INFO = NO;
				MTL_FAST_MATH = YES;
				SDKROOT = iphoneos;
				SWIFT_COMPILATION_MODE = wholemodule;
				SWIFT_OPTIMIZATION_LEVEL = "-O";
				VALIDATE_PRODUCT = YES;
			};
			name = Release;
		};
		156C3C7327E15B1E00381291 /* Debug */ = {
			isa = XCBuildConfiguration;
			buildSettings = {
				ASSETCATALOG_COMPILER_APPICON_NAME = AppIcon;
				ASSETCATALOG_COMPILER_GLOBAL_ACCENT_COLOR_NAME = AccentColor;
				CODE_SIGN_STYLE = Automatic;
				CURRENT_PROJECT_VERSION = 1;
				DEVELOPMENT_TEAM = 3753BCYQD8;
				GENERATE_INFOPLIST_FILE = YES;
				INFOPLIST_FILE = "Desafio 2/Info.plist";
				INFOPLIST_KEY_UIApplicationSupportsIndirectInputEvents = YES;
				INFOPLIST_KEY_UILaunchStoryboardName = LaunchScreen;
				INFOPLIST_KEY_UIMainStoryboardFile = Main;
				INFOPLIST_KEY_UISupportedInterfaceOrientations_iPad = "UIInterfaceOrientationPortrait UIInterfaceOrientationPortraitUpsideDown UIInterfaceOrientationLandscapeLeft UIInterfaceOrientationLandscapeRight";
				INFOPLIST_KEY_UISupportedInterfaceOrientations_iPhone = "UIInterfaceOrientationPortrait UIInterfaceOrientationLandscapeLeft UIInterfaceOrientationLandscapeRight";
				LD_RUNPATH_SEARCH_PATHS = (
					"$(inherited)",
					"@executable_path/Frameworks",
				);
				MARKETING_VERSION = 1.0;
				PRODUCT_BUNDLE_IDENTIFIER = "com.felipeb.Desafio-2";
				PRODUCT_NAME = "$(TARGET_NAME)";
				SWIFT_EMIT_LOC_STRINGS = YES;
				SWIFT_VERSION = 5.0;
				TARGETED_DEVICE_FAMILY = "1,2";
			};
			name = Debug;
		};
		156C3C7427E15B1E00381291 /* Release */ = {
			isa = XCBuildConfiguration;
			buildSettings = {
				ASSETCATALOG_COMPILER_APPICON_NAME = AppIcon;
				ASSETCATALOG_COMPILER_GLOBAL_ACCENT_COLOR_NAME = AccentColor;
				CODE_SIGN_STYLE = Automatic;
				CURRENT_PROJECT_VERSION = 1;
				DEVELOPMENT_TEAM = 3753BCYQD8;
				GENERATE_INFOPLIST_FILE = YES;
				INFOPLIST_FILE = "Desafio 2/Info.plist";
				INFOPLIST_KEY_UIApplicationSupportsIndirectInputEvents = YES;
				INFOPLIST_KEY_UILaunchStoryboardName = LaunchScreen;
				INFOPLIST_KEY_UIMainStoryboardFile = Main;
				INFOPLIST_KEY_UISupportedInterfaceOrientations_iPad = "UIInterfaceOrientationPortrait UIInterfaceOrientationPortraitUpsideDown UIInterfaceOrientationLandscapeLeft UIInterfaceOrientationLandscapeRight";
				INFOPLIST_KEY_UISupportedInterfaceOrientations_iPhone = "UIInterfaceOrientationPortrait UIInterfaceOrientationLandscapeLeft UIInterfaceOrientationLandscapeRight";
				LD_RUNPATH_SEARCH_PATHS = (
					"$(inherited)",
					"@executable_path/Frameworks",
				);
				MARKETING_VERSION = 1.0;
				PRODUCT_BUNDLE_IDENTIFIER = "com.felipeb.Desafio-2";
				PRODUCT_NAME = "$(TARGET_NAME)";
				SWIFT_EMIT_LOC_STRINGS = YES;
				SWIFT_VERSION = 5.0;
				TARGETED_DEVICE_FAMILY = "1,2";
			};
			name = Release;
		};
/* End XCBuildConfiguration section */

/* Begin XCConfigurationList section */
		156C3C5927E15B1900381291 /* Build configuration list for PBXProject "Desafio 2" */ = {
			isa = XCConfigurationList;
			buildConfigurations = (
				156C3C7027E15B1E00381291 /* Debug */,
				156C3C7127E15B1E00381291 /* Release */,
			);
			defaultConfigurationIsVisible = 0;
			defaultConfigurationName = Release;
		};
		156C3C7227E15B1E00381291 /* Build configuration list for PBXNativeTarget "Desafio 2" */ = {
			isa = XCConfigurationList;
			buildConfigurations = (
				156C3C7327E15B1E00381291 /* Debug */,
				156C3C7427E15B1E00381291 /* Release */,
			);
			defaultConfigurationIsVisible = 0;
			defaultConfigurationName = Release;
		};
/* End XCConfigurationList section */
	};
	rootObject = 156C3C5627E15B1900381291 /* Project object */;
}
