// !$*UTF8*$!
{
	archiveVersion = 1;
	classes = {
	};
	objectVersion = 55;
	objects = {

/* Begin PBXBuildFile section */
		157BB57927E92C77004FB8A4 /* AppDelegate.swift in Sources */ = {isa = PBXBuildFile; fileRef = 157BB57827E92C77004FB8A4 /* AppDelegate.swift */; };
		157BB57B27E92C77004FB8A4 /* SceneDelegate.swift in Sources */ = {isa = PBXBuildFile; fileRef = 157BB57A27E92C77004FB8A4 /* SceneDelegate.swift */; };
		157BB57D27E92C77004FB8A4 /* ViewController.swift in Sources */ = {isa = PBXBuildFile; fileRef = 157BB57C27E92C77004FB8A4 /* ViewController.swift */; };
		157BB58027E92C77004FB8A4 /* Main.storyboard in Resources */ = {isa = PBXBuildFile; fileRef = 157BB57E27E92C77004FB8A4 /* Main.storyboard */; };
		157BB58227E92C7A004FB8A4 /* Assets.xcassets in Resources */ = {isa = PBXBuildFile; fileRef = 157BB58127E92C7A004FB8A4 /* Assets.xcassets */; };
		157BB58527E92C7A004FB8A4 /* LaunchScreen.storyboard in Resources */ = {isa = PBXBuildFile; fileRef = 157BB58327E92C7A004FB8A4 /* LaunchScreen.storyboard */; };
		157BB59C27E9333E004FB8A4 /* Personality.swift in Sources */ = {isa = PBXBuildFile; fileRef = 157BB59B27E9333E004FB8A4 /* Personality.swift */; };
		157BB5A327E938FC004FB8A4 /* Service.swift in Sources */ = {isa = PBXBuildFile; fileRef = 157BB5A227E938FC004FB8A4 /* Service.swift */; };
		157BB5A727E93C34004FB8A4 /* CustomTableViewCell.swift in Sources */ = {isa = PBXBuildFile; fileRef = 157BB5A527E93C34004FB8A4 /* CustomTableViewCell.swift */; };
		157BB5A827E93C34004FB8A4 /* CustomTableViewCell.xib in Resources */ = {isa = PBXBuildFile; fileRef = 157BB5A627E93C34004FB8A4 /* CustomTableViewCell.xib */; };
		157BB5AD27E94876004FB8A4 /* UIImageView+Extensions.swift in Sources */ = {isa = PBXBuildFile; fileRef = 157BB5AC27E94876004FB8A4 /* UIImageView+Extensions.swift */; };
/* End PBXBuildFile section */

/* Begin PBXFileReference section */
		157BB57527E92C77004FB8A4 /* Desafio 4.app */ = {isa = PBXFileReference; explicitFileType = wrapper.application; includeInIndex = 0; path = "Desafio 4.app"; sourceTree = BUILT_PRODUCTS_DIR; };
		157BB57827E92C77004FB8A4 /* AppDelegate.swift */ = {isa = PBXFileReference; lastKnownFileType = sourcecode.swift; path = AppDelegate.swift; sourceTree = "<group>"; };
		157BB57A27E92C77004FB8A4 /* SceneDelegate.swift */ = {isa = PBXFileReference; lastKnownFileType = sourcecode.swift; path = SceneDelegate.swift; sourceTree = "<group>"; };
		157BB57C27E92C77004FB8A4 /* ViewController.swift */ = {isa = PBXFileReference; lastKnownFileType = sourcecode.swift; path = ViewController.swift; sourceTree = "<group>"; };
		157BB57F27E92C77004FB8A4 /* Base */ = {isa = PBXFileReference; lastKnownFileType = file.storyboard; name = Base; path = Base.lproj/Main.storyboard; sourceTree = "<group>"; };
		157BB58127E92C7A004FB8A4 /* Assets.xcassets */ = {isa = PBXFileReference; lastKnownFileType = folder.assetcatalog; path = Assets.xcassets; sourceTree = "<group>"; };
		157BB58427E92C7A004FB8A4 /* Base */ = {isa = PBXFileReference; lastKnownFileType = file.storyboard; name = Base; path = Base.lproj/LaunchScreen.storyboard; sourceTree = "<group>"; };
		157BB58627E92C7A004FB8A4 /* Info.plist */ = {isa = PBXFileReference; lastKnownFileType = text.plist.xml; path = Info.plist; sourceTree = "<group>"; };
		157BB59B27E9333E004FB8A4 /* Personality.swift */ = {isa = PBXFileReference; fileEncoding = 4; lastKnownFileType = sourcecode.swift; path = Personality.swift; sourceTree = "<group>"; };
		157BB5A227E938FC004FB8A4 /* Service.swift */ = {isa = PBXFileReference; lastKnownFileType = sourcecode.swift; path = Service.swift; sourceTree = "<group>"; };
		157BB5A527E93C34004FB8A4 /* CustomTableViewCell.swift */ = {isa = PBXFileReference; lastKnownFileType = sourcecode.swift; path = CustomTableViewCell.swift; sourceTree = "<group>"; };
		157BB5A627E93C34004FB8A4 /* CustomTableViewCell.xib */ = {isa = PBXFileReference; lastKnownFileType = file.xib; path = CustomTableViewCell.xib; sourceTree = "<group>"; };
		157BB5AC27E94876004FB8A4 /* UIImageView+Extensions.swift */ = {isa = PBXFileReference; lastKnownFileType = sourcecode.swift; path = "UIImageView+Extensions.swift"; sourceTree = "<group>"; };
/* End PBXFileReference section */

/* Begin PBXFrameworksBuildPhase section */
		157BB57227E92C77004FB8A4 /* Frameworks */ = {
			isa = PBXFrameworksBuildPhase;
			buildActionMask = 2147483647;
			files = (
			);
			runOnlyForDeploymentPostprocessing = 0;
		};
/* End PBXFrameworksBuildPhase section */

/* Begin PBXGroup section */
		157BB56C27E92C77004FB8A4 = {
			isa = PBXGroup;
			children = (
				157BB57727E92C77004FB8A4 /* Desafio 4 */,
				157BB57627E92C77004FB8A4 /* Products */,
			);
			sourceTree = "<group>";
		};
		157BB57627E92C77004FB8A4 /* Products */ = {
			isa = PBXGroup;
			children = (
				157BB57527E92C77004FB8A4 /* Desafio 4.app */,
			);
			name = Products;
			sourceTree = "<group>";
		};
		157BB57727E92C77004FB8A4 /* Desafio 4 */ = {
			isa = PBXGroup;
			children = (
				157BB5A927E94628004FB8A4 /* Extensions */,
				157BB5A427E93C0A004FB8A4 /* Cell */,
				157BB5A127E938F1004FB8A4 /* Service */,
				157BB59F27E9334A004FB8A4 /* Model */,
				157BB57827E92C77004FB8A4 /* AppDelegate.swift */,
				157BB57A27E92C77004FB8A4 /* SceneDelegate.swift */,
				157BB57C27E92C77004FB8A4 /* ViewController.swift */,
				157BB57E27E92C77004FB8A4 /* Main.storyboard */,
				157BB58127E92C7A004FB8A4 /* Assets.xcassets */,
				157BB58327E92C7A004FB8A4 /* LaunchScreen.storyboard */,
				157BB58627E92C7A004FB8A4 /* Info.plist */,
			);
			path = "Desafio 4";
			sourceTree = "<group>";
		};
		157BB59F27E9334A004FB8A4 /* Model */ = {
			isa = PBXGroup;
			children = (
				157BB59B27E9333E004FB8A4 /* Personality.swift */,
			);
			path = Model;
			sourceTree = "<group>";
		};
		157BB5A127E938F1004FB8A4 /* Service */ = {
			isa = PBXGroup;
			children = (
				157BB5A227E938FC004FB8A4 /* Service.swift */,
			);
			path = Service;
			sourceTree = "<group>";
		};
		157BB5A427E93C0A004FB8A4 /* Cell */ = {
			isa = PBXGroup;
			children = (
				157BB5A527E93C34004FB8A4 /* CustomTableViewCell.swift */,
				157BB5A627E93C34004FB8A4 /* CustomTableViewCell.xib */,
			);
			path = Cell;
			sourceTree = "<group>";
		};
		157BB5A927E94628004FB8A4 /* Extensions */ = {
			isa = PBXGroup;
			children = (
				157BB5AC27E94876004FB8A4 /* UIImageView+Extensions.swift */,
			);
			path = Extensions;
			sourceTree = "<group>";
		};
/* End PBXGroup section */

/* Begin PBXNativeTarget section */
		157BB57427E92C77004FB8A4 /* Desafio 4 */ = {
			isa = PBXNativeTarget;
			buildConfigurationList = 157BB58927E92C7A004FB8A4 /* Build configuration list for PBXNativeTarget "Desafio 4" */;
			buildPhases = (
				157BB57127E92C77004FB8A4 /* Sources */,
				157BB57227E92C77004FB8A4 /* Frameworks */,
				157BB57327E92C77004FB8A4 /* Resources */,
			);
			buildRules = (
			);
			dependencies = (
			);
			name = "Desafio 4";
			productName = "Desafio 4";
			productReference = 157BB57527E92C77004FB8A4 /* Desafio 4.app */;
			productType = "com.apple.product-type.application";
		};
/* End PBXNativeTarget section */

/* Begin PBXProject section */
		157BB56D27E92C77004FB8A4 /* Project object */ = {
			isa = PBXProject;
			attributes = {
				BuildIndependentTargetsInParallel = 1;
				LastSwiftUpdateCheck = 1330;
				LastUpgradeCheck = 1330;
				TargetAttributes = {
					157BB57427E92C77004FB8A4 = {
						CreatedOnToolsVersion = 13.3;
					};
				};
			};
			buildConfigurationList = 157BB57027E92C77004FB8A4 /* Build configuration list for PBXProject "Desafio 4" */;
			compatibilityVersion = "Xcode 13.0";
			developmentRegion = en;
			hasScannedForEncodings = 0;
			knownRegions = (
				en,
				Base,
			);
			mainGroup = 157BB56C27E92C77004FB8A4;
			productRefGroup = 157BB57627E92C77004FB8A4 /* Products */;
			projectDirPath = "";
			projectRoot = "";
			targets = (
				157BB57427E92C77004FB8A4 /* Desafio 4 */,
			);
		};
/* End PBXProject section */

/* Begin PBXResourcesBuildPhase section */
		157BB57327E92C77004FB8A4 /* Resources */ = {
			isa = PBXResourcesBuildPhase;
			buildActionMask = 2147483647;
			files = (
				157BB58527E92C7A004FB8A4 /* LaunchScreen.storyboard in Resources */,
				157BB58227E92C7A004FB8A4 /* Assets.xcassets in Resources */,
				157BB5A827E93C34004FB8A4 /* CustomTableViewCell.xib in Resources */,
				157BB58027E92C77004FB8A4 /* Main.storyboard in Resources */,
			);
			runOnlyForDeploymentPostprocessing = 0;
		};
/* End PBXResourcesBuildPhase section */

/* Begin PBXSourcesBuildPhase section */
		157BB57127E92C77004FB8A4 /* Sources */ = {
			isa = PBXSourcesBuildPhase;
			buildActionMask = 2147483647;
			files = (
				157BB5A727E93C34004FB8A4 /* CustomTableViewCell.swift in Sources */,
				157BB5AD27E94876004FB8A4 /* UIImageView+Extensions.swift in Sources */,
				157BB57D27E92C77004FB8A4 /* ViewController.swift in Sources */,
				157BB59C27E9333E004FB8A4 /* Personality.swift in Sources */,
				157BB5A327E938FC004FB8A4 /* Service.swift in Sources */,
				157BB57927E92C77004FB8A4 /* AppDelegate.swift in Sources */,
				157BB57B27E92C77004FB8A4 /* SceneDelegate.swift in Sources */,
			);
			runOnlyForDeploymentPostprocessing = 0;
		};
/* End PBXSourcesBuildPhase section */

/* Begin PBXVariantGroup section */
		157BB57E27E92C77004FB8A4 /* Main.storyboard */ = {
			isa = PBXVariantGroup;
			children = (
				157BB57F27E92C77004FB8A4 /* Base */,
			);
			name = Main.storyboard;
			sourceTree = "<group>";
		};
		157BB58327E92C7A004FB8A4 /* LaunchScreen.storyboard */ = {
			isa = PBXVariantGroup;
			children = (
				157BB58427E92C7A004FB8A4 /* Base */,
			);
			name = LaunchScreen.storyboard;
			sourceTree = "<group>";
		};
/* End PBXVariantGroup section */

/* Begin XCBuildConfiguration section */
		157BB58727E92C7A004FB8A4 /* Debug */ = {
			isa = XCBuildConfiguration;
			buildSettings = {
				ALWAYS_SEARCH_USER_PATHS = NO;
				CLANG_ANALYZER_NONNULL = YES;
				CLANG_ANALYZER_NUMBER_OBJECT_CONVERSION = YES_AGGRESSIVE;
				CLANG_CXX_LANGUAGE_STANDARD = "gnu++17";
				CLANG_ENABLE_MODULES = YES;
				CLANG_ENABLE_OBJC_ARC = YES;
				CLANG_ENABLE_OBJC_WEAK = YES;
				CLANG_WARN_BLOCK_CAPTURE_AUTORELEASING = YES;
				CLANG_WARN_BOOL_CONVERSION = YES;
				CLANG_WARN_COMMA = YES;
				CLANG_WARN_CONSTANT_CONVERSION = YES;
				CLANG_WARN_DEPRECATED_OBJC_IMPLEMENTATIONS = YES;
				CLANG_WARN_DIRECT_OBJC_ISA_USAGE = YES_ERROR;
				CLANG_WARN_DOCUMENTATION_COMMENTS = YES;
				CLANG_WARN_EMPTY_BODY = YES;
				CLANG_WARN_ENUM_CONVERSION = YES;
				CLANG_WARN_INFINITE_RECURSION = YES;
				CLANG_WARN_INT_CONVERSION = YES;
				CLANG_WARN_NON_LITERAL_NULL_CONVERSION = YES;
				CLANG_WARN_OBJC_IMPLICIT_RETAIN_SELF = YES;
				CLANG_WARN_OBJC_LITERAL_CONVERSION = YES;
				CLANG_WARN_OBJC_ROOT_CLASS = YES_ERROR;
				CLANG_WARN_QUOTED_INCLUDE_IN_FRAMEWORK_HEADER = YES;
				CLANG_WARN_RANGE_LOOP_ANALYSIS = YES;
				CLANG_WARN_STRICT_PROTOTYPES = YES;
				CLANG_WARN_SUSPICIOUS_MOVE = YES;
				CLANG_WARN_UNGUARDED_AVAILABILITY = YES_AGGRESSIVE;
				CLANG_WARN_UNREACHABLE_CODE = YES;
				CLANG_WARN__DUPLICATE_METHOD_MATCH = YES;
				COPY_PHASE_STRIP = NO;
				DEBUG_INFORMATION_FORMAT = dwarf;
				ENABLE_STRICT_OBJC_MSGSEND = YES;
				ENABLE_TESTABILITY = YES;
				GCC_C_LANGUAGE_STANDARD = gnu11;
				GCC_DYNAMIC_NO_PIC = NO;
				GCC_NO_COMMON_BLOCKS = YES;
				GCC_OPTIMIZATION_LEVEL = 0;
				GCC_PREPROCESSOR_DEFINITIONS = (
					"DEBUG=1",
					"$(inherited)",
				);
				GCC_WARN_64_TO_32_BIT_CONVERSION = YES;
				GCC_WARN_ABOUT_RETURN_TYPE = YES_ERROR;
				GCC_WARN_UNDECLARED_SELECTOR = YES;
				GCC_WARN_UNINITIALIZED_AUTOS = YES_AGGRESSIVE;
				GCC_WARN_UNUSED_FUNCTION = YES;
				GCC_WARN_UNUSED_VARIABLE = YES;
				IPHONEOS_DEPLOYMENT_TARGET = 15.4;
				MTL_ENABLE_DEBUG_INFO = INCLUDE_SOURCE;
				MTL_FAST_MATH = YES;
				ONLY_ACTIVE_ARCH = YES;
				SDKROOT = iphoneos;
				SWIFT_ACTIVE_COMPILATION_CONDITIONS = DEBUG;
				SWIFT_OPTIMIZATION_LEVEL = "-Onone";
			};
			name = Debug;
		};
		157BB58827E92C7A004FB8A4 /* Release */ = {
			isa = XCBuildConfiguration;
			buildSettings = {
				ALWAYS_SEARCH_USER_PATHS = NO;
				CLANG_ANALYZER_NONNULL = YES;
				CLANG_ANALYZER_NUMBER_OBJECT_CONVERSION = YES_AGGRESSIVE;
				CLANG_CXX_LANGUAGE_STANDARD = "gnu++17";
				CLANG_ENABLE_MODULES = YES;
				CLANG_ENABLE_OBJC_ARC = YES;
				CLANG_ENABLE_OBJC_WEAK = YES;
				CLANG_WARN_BLOCK_CAPTURE_AUTORELEASING = YES;
				CLANG_WARN_BOOL_CONVERSION = YES;
				CLANG_WARN_COMMA = YES;
				CLANG_WARN_CONSTANT_CONVERSION = YES;
				CLANG_WARN_DEPRECATED_OBJC_IMPLEMENTATIONS = YES;
				CLANG_WARN_DIRECT_OBJC_ISA_USAGE = YES_ERROR;
				CLANG_WARN_DOCUMENTATION_COMMENTS = YES;
				CLANG_WARN_EMPTY_BODY = YES;
				CLANG_WARN_ENUM_CONVERSION = YES;
				CLANG_WARN_INFINITE_RECURSION = YES;
				CLANG_WARN_INT_CONVERSION = YES;
				CLANG_WARN_NON_LITERAL_NULL_CONVERSION = YES;
				CLANG_WARN_OBJC_IMPLICIT_RETAIN_SELF = YES;
				CLANG_WARN_OBJC_LITERAL_CONVERSION = YES;
				CLANG_WARN_OBJC_ROOT_CLASS = YES_ERROR;
				CLANG_WARN_QUOTED_INCLUDE_IN_FRAMEWORK_HEADER = YES;
				CLANG_WARN_RANGE_LOOP_ANALYSIS = YES;
				CLANG_WARN_STRICT_PROTOTYPES = YES;
				CLANG_WARN_SUSPICIOUS_MOVE = YES;
				CLANG_WARN_UNGUARDED_AVAILABILITY = YES_AGGRESSIVE;
				CLANG_WARN_UNREACHABLE_CODE = YES;
				CLANG_WARN__DUPLICATE_METHOD_MATCH = YES;
				COPY_PHASE_STRIP = NO;
				DEBUG_INFORMATION_FORMAT = "dwarf-with-dsym";
				ENABLE_NS_ASSERTIONS = NO;
				ENABLE_STRICT_OBJC_MSGSEND = YES;
				GCC_C_LANGUAGE_STANDARD = gnu11;
				GCC_NO_COMMON_BLOCKS = YES;
				GCC_WARN_64_TO_32_BIT_CONVERSION = YES;
				GCC_WARN_ABOUT_RETURN_TYPE = YES_ERROR;
				GCC_WARN_UNDECLARED_SELECTOR = YES;
				GCC_WARN_UNINITIALIZED_AUTOS = YES_AGGRESSIVE;
				GCC_WARN_UNUSED_FUNCTION = YES;
				GCC_WARN_UNUSED_VARIABLE = YES;
				IPHONEOS_DEPLOYMENT_TARGET = 15.4;
				MTL_ENABLE_DEBUG_INFO = NO;
				MTL_FAST_MATH = YES;
				SDKROOT = iphoneos;
				SWIFT_COMPILATION_MODE = wholemodule;
				SWIFT_OPTIMIZATION_LEVEL = "-O";
				VALIDATE_PRODUCT = YES;
			};
			name = Release;
		};
		157BB58A27E92C7A004FB8A4 /* Debug */ = {
			isa = XCBuildConfiguration;
			buildSettings = {
				ASSETCATALOG_COMPILER_APPICON_NAME = AppIcon;
				ASSETCATALOG_COMPILER_GLOBAL_ACCENT_COLOR_NAME = AccentColor;
				CODE_SIGN_STYLE = Automatic;
				CURRENT_PROJECT_VERSION = 1;
				DEVELOPMENT_TEAM = 3753BCYQD8;
				GENERATE_INFOPLIST_FILE = YES;
				INFOPLIST_FILE = "Desafio 4/Info.plist";
				INFOPLIST_KEY_UIApplicationSupportsIndirectInputEvents = YES;
				INFOPLIST_KEY_UILaunchStoryboardName = LaunchScreen;
				INFOPLIST_KEY_UIMainStoryboardFile = Main;
				INFOPLIST_KEY_UISupportedInterfaceOrientations_iPad = "UIInterfaceOrientationPortrait UIInterfaceOrientationPortraitUpsideDown UIInterfaceOrientationLandscapeLeft UIInterfaceOrientationLandscapeRight";
				INFOPLIST_KEY_UISupportedInterfaceOrientations_iPhone = "UIInterfaceOrientationPortrait UIInterfaceOrientationLandscapeLeft UIInterfaceOrientationLandscapeRight";
				LD_RUNPATH_SEARCH_PATHS = (
					"$(inherited)",
					"@executable_path/Frameworks",
				);
				MARKETING_VERSION = 1.0;
				PRODUCT_BUNDLE_IDENTIFIER = "com.felipeb.Desafio-4";
				PRODUCT_NAME = "$(TARGET_NAME)";
				SWIFT_EMIT_LOC_STRINGS = YES;
				SWIFT_VERSION = 5.0;
				TARGETED_DEVICE_FAMILY = "1,2";
			};
			name = Debug;
		};
		157BB58B27E92C7A004FB8A4 /* Release */ = {
			isa = XCBuildConfiguration;
			buildSettings = {
				ASSETCATALOG_COMPILER_APPICON_NAME = AppIcon;
				ASSETCATALOG_COMPILER_GLOBAL_ACCENT_COLOR_NAME = AccentColor;
				CODE_SIGN_STYLE = Automatic;
				CURRENT_PROJECT_VERSION = 1;
				DEVELOPMENT_TEAM = 3753BCYQD8;
				GENERATE_INFOPLIST_FILE = YES;
				INFOPLIST_FILE = "Desafio 4/Info.plist";
				INFOPLIST_KEY_UIApplicationSupportsIndirectInputEvents = YES;
				INFOPLIST_KEY_UILaunchStoryboardName = LaunchScreen;
				INFOPLIST_KEY_UIMainStoryboardFile = Main;
				INFOPLIST_KEY_UISupportedInterfaceOrientations_iPad = "UIInterfaceOrientationPortrait UIInterfaceOrientationPortraitUpsideDown UIInterfaceOrientationLandscapeLeft UIInterfaceOrientationLandscapeRight";
				INFOPLIST_KEY_UISupportedInterfaceOrientations_iPhone = "UIInterfaceOrientationPortrait UIInterfaceOrientationLandscapeLeft UIInterfaceOrientationLandscapeRight";
				LD_RUNPATH_SEARCH_PATHS = (
					"$(inherited)",
					"@executable_path/Frameworks",
				);
				MARKETING_VERSION = 1.0;
				PRODUCT_BUNDLE_IDENTIFIER = "com.felipeb.Desafio-4";
				PRODUCT_NAME = "$(TARGET_NAME)";
				SWIFT_EMIT_LOC_STRINGS = YES;
				SWIFT_VERSION = 5.0;
				TARGETED_DEVICE_FAMILY = "1,2";
			};
			name = Release;
		};
/* End XCBuildConfiguration section */

/* Begin XCConfigurationList section */
		157BB57027E92C77004FB8A4 /* Build configuration list for PBXProject "Desafio 4" */ = {
			isa = XCConfigurationList;
			buildConfigurations = (
				157BB58727E92C7A004FB8A4 /* Debug */,
				157BB58827E92C7A004FB8A4 /* Release */,
			);
			defaultConfigurationIsVisible = 0;
			defaultConfigurationName = Release;
		};
		157BB58927E92C7A004FB8A4 /* Build configuration list for PBXNativeTarget "Desafio 4" */ = {
			isa = XCConfigurationList;
			buildConfigurations = (
				157BB58A27E92C7A004FB8A4 /* Debug */,
				157BB58B27E92C7A004FB8A4 /* Release */,
			);
			defaultConfigurationIsVisible = 0;
			defaultConfigurationName = Release;
		};
/* End XCConfigurationList section */
	};
	rootObject = 157BB56D27E92C77004FB8A4 /* Project object */;
}
